// !$*UTF8*$!
{
	archiveVersion = 1;
	classes = {
	};
	objectVersion = 51;
	objects = {

/* Begin PBXBuildFile section */
		EA54BA457AD9D08836AC840F /* Pods_MVVM_HarryPotter.framework in Frameworks */ = {isa = PBXBuildFile; fileRef = FBADA87F581D8CDC22A03C43 /* Pods_MVVM_HarryPotter.framework */; };
		F41CB23128A66BFC004D8A51 /* StartMainScreenViewModel.swift in Sources */ = {isa = PBXBuildFile; fileRef = F41CB23028A66BFC004D8A51 /* StartMainScreenViewModel.swift */; };
		F41CB23528A67165004D8A51 /* StudentsScreenViewController.swift in Sources */ = {isa = PBXBuildFile; fileRef = F41CB23428A67165004D8A51 /* StudentsScreenViewController.swift */; };
		F41F8AA2289BE0B200BE379A /* UIButton+Ext.swift in Sources */ = {isa = PBXBuildFile; fileRef = F41F8AA1289BE0B200BE379A /* UIButton+Ext.swift */; };
		F41F8AA6289BF44200BE379A /* DataFetcherService.swift in Sources */ = {isa = PBXBuildFile; fileRef = F41F8AA5289BF44200BE379A /* DataFetcherService.swift */; };
		F41F8AAA289BFF0F00BE379A /* CharacterHP.swift in Sources */ = {isa = PBXBuildFile; fileRef = F41F8AA9289BFF0F00BE379A /* CharacterHP.swift */; };
		F41F8AAF289C025A00BE379A /* WandHP.swift in Sources */ = {isa = PBXBuildFile; fileRef = F41F8AAE289C025A00BE379A /* WandHP.swift */; };
		F41F8AB7289C6FDA00BE379A /* StudentsScreenViewModel.swift in Sources */ = {isa = PBXBuildFile; fileRef = F41F8AB6289C6FDA00BE379A /* StudentsScreenViewModel.swift */; };
		F42B19502885C293009D0540 /* AppDelegate.swift in Sources */ = {isa = PBXBuildFile; fileRef = F42B194F2885C293009D0540 /* AppDelegate.swift */; };
		F42B19542885C293009D0540 /* StartViewController.swift in Sources */ = {isa = PBXBuildFile; fileRef = F42B19532885C293009D0540 /* StartViewController.swift */; };
		F42B19592885C297009D0540 /* Assets.xcassets in Resources */ = {isa = PBXBuildFile; fileRef = F42B19582885C297009D0540 /* Assets.xcassets */; };
		F42B195C2885C297009D0540 /* LaunchScreen.storyboard in Resources */ = {isa = PBXBuildFile; fileRef = F42B195A2885C297009D0540 /* LaunchScreen.storyboard */; };
		F42B19662885C38D009D0540 /* NetworkService.swift in Sources */ = {isa = PBXBuildFile; fileRef = F42B19652885C38D009D0540 /* NetworkService.swift */; };
		F42B19692885C461009D0540 /* NetworkDataFetcher.swift in Sources */ = {isa = PBXBuildFile; fileRef = F42B19682885C461009D0540 /* NetworkDataFetcher.swift */; };
		F42B19712885E5E6009D0540 /* StartMainScreenView.swift in Sources */ = {isa = PBXBuildFile; fileRef = F42B19702885E5E6009D0540 /* StartMainScreenView.swift */; };
/* End PBXBuildFile section */

/* Begin PBXFileReference section */
		7C663C9DDB9EA102E0C2B71F /* Pods-MVVM_HarryPotter.release.xcconfig */ = {isa = PBXFileReference; includeInIndex = 1; lastKnownFileType = text.xcconfig; name = "Pods-MVVM_HarryPotter.release.xcconfig"; path = "Target Support Files/Pods-MVVM_HarryPotter/Pods-MVVM_HarryPotter.release.xcconfig"; sourceTree = "<group>"; };
		E46A2F765C72C952D47AA772 /* Pods-MVVM_HarryPotter.debug.xcconfig */ = {isa = PBXFileReference; includeInIndex = 1; lastKnownFileType = text.xcconfig; name = "Pods-MVVM_HarryPotter.debug.xcconfig"; path = "Target Support Files/Pods-MVVM_HarryPotter/Pods-MVVM_HarryPotter.debug.xcconfig"; sourceTree = "<group>"; };
		F41CB23028A66BFC004D8A51 /* StartMainScreenViewModel.swift */ = {isa = PBXFileReference; lastKnownFileType = sourcecode.swift; path = StartMainScreenViewModel.swift; sourceTree = "<group>"; };
		F41CB23428A67165004D8A51 /* StudentsScreenViewController.swift */ = {isa = PBXFileReference; lastKnownFileType = sourcecode.swift; path = StudentsScreenViewController.swift; sourceTree = "<group>"; };
		F41F8AA1289BE0B200BE379A /* UIButton+Ext.swift */ = {isa = PBXFileReference; lastKnownFileType = sourcecode.swift; path = "UIButton+Ext.swift"; sourceTree = "<group>"; };
		F41F8AA5289BF44200BE379A /* DataFetcherService.swift */ = {isa = PBXFileReference; lastKnownFileType = sourcecode.swift; path = DataFetcherService.swift; sourceTree = "<group>"; };
		F41F8AA9289BFF0F00BE379A /* CharacterHP.swift */ = {isa = PBXFileReference; lastKnownFileType = sourcecode.swift; path = CharacterHP.swift; sourceTree = "<group>"; };
		F41F8AAE289C025A00BE379A /* WandHP.swift */ = {isa = PBXFileReference; lastKnownFileType = sourcecode.swift; path = WandHP.swift; sourceTree = "<group>"; };
		F41F8AB6289C6FDA00BE379A /* StudentsScreenViewModel.swift */ = {isa = PBXFileReference; lastKnownFileType = sourcecode.swift; path = StudentsScreenViewModel.swift; sourceTree = "<group>"; };
		F42B194C2885C293009D0540 /* MVVM_HarryPotter.app */ = {isa = PBXFileReference; explicitFileType = wrapper.application; includeInIndex = 0; path = MVVM_HarryPotter.app; sourceTree = BUILT_PRODUCTS_DIR; };
		F42B194F2885C293009D0540 /* AppDelegate.swift */ = {isa = PBXFileReference; lastKnownFileType = sourcecode.swift; path = AppDelegate.swift; sourceTree = "<group>"; };
		F42B19532885C293009D0540 /* StartViewController.swift */ = {isa = PBXFileReference; lastKnownFileType = sourcecode.swift; path = StartViewController.swift; sourceTree = "<group>"; };
		F42B19582885C297009D0540 /* Assets.xcassets */ = {isa = PBXFileReference; lastKnownFileType = folder.assetcatalog; path = Assets.xcassets; sourceTree = "<group>"; };
		F42B195B2885C297009D0540 /* Base */ = {isa = PBXFileReference; lastKnownFileType = file.storyboard; name = Base; path = Base.lproj/LaunchScreen.storyboard; sourceTree = "<group>"; };
		F42B195D2885C297009D0540 /* Info.plist */ = {isa = PBXFileReference; lastKnownFileType = text.plist.xml; path = Info.plist; sourceTree = "<group>"; };
		F42B19652885C38D009D0540 /* NetworkService.swift */ = {isa = PBXFileReference; lastKnownFileType = sourcecode.swift; path = NetworkService.swift; sourceTree = "<group>"; };
		F42B19682885C461009D0540 /* NetworkDataFetcher.swift */ = {isa = PBXFileReference; lastKnownFileType = sourcecode.swift; path = NetworkDataFetcher.swift; sourceTree = "<group>"; };
		F42B19702885E5E6009D0540 /* StartMainScreenView.swift */ = {isa = PBXFileReference; lastKnownFileType = sourcecode.swift; path = StartMainScreenView.swift; sourceTree = "<group>"; };
		FBADA87F581D8CDC22A03C43 /* Pods_MVVM_HarryPotter.framework */ = {isa = PBXFileReference; explicitFileType = wrapper.framework; includeInIndex = 0; path = Pods_MVVM_HarryPotter.framework; sourceTree = BUILT_PRODUCTS_DIR; };
/* End PBXFileReference section */

/* Begin PBXFrameworksBuildPhase section */
		F42B19492885C293009D0540 /* Frameworks */ = {
			isa = PBXFrameworksBuildPhase;
			buildActionMask = 2147483647;
			files = (
				EA54BA457AD9D08836AC840F /* Pods_MVVM_HarryPotter.framework in Frameworks */,
			);
			runOnlyForDeploymentPostprocessing = 0;
		};
/* End PBXFrameworksBuildPhase section */

/* Begin PBXGroup section */
		1FCDA810BB87B83E0D6EF133 /* Pods */ = {
			isa = PBXGroup;
			children = (
				E46A2F765C72C952D47AA772 /* Pods-MVVM_HarryPotter.debug.xcconfig */,
				7C663C9DDB9EA102E0C2B71F /* Pods-MVVM_HarryPotter.release.xcconfig */,
			);
			path = Pods;
			sourceTree = "<group>";
		};
		ACC8FAF0B2065AB264F27C37 /* Frameworks */ = {
			isa = PBXGroup;
			children = (
				FBADA87F581D8CDC22A03C43 /* Pods_MVVM_HarryPotter.framework */,
			);
			name = Frameworks;
			sourceTree = "<group>";
		};
		F41CB23328A6712D004D8A51 /* View */ = {
			isa = PBXGroup;
			children = (
				F41CB23428A67165004D8A51 /* StudentsScreenViewController.swift */,
			);
			path = View;
			sourceTree = "<group>";
		};
		F41F8AA0289BDFE800BE379A /* Extension */ = {
			isa = PBXGroup;
			children = (
				F41F8AA1289BE0B200BE379A /* UIButton+Ext.swift */,
			);
			path = Extension;
			sourceTree = "<group>";
		};
		F41F8AA8289BFEDB00BE379A /* Models */ = {
			isa = PBXGroup;
			children = (
				F41F8AA9289BFF0F00BE379A /* CharacterHP.swift */,
				F41F8AAE289C025A00BE379A /* WandHP.swift */,
			);
			path = Models;
			sourceTree = "<group>";
		};
		F41F8AB3289C6F3500BE379A /* ViewModel */ = {
			isa = PBXGroup;
			children = (
				F41CB23028A66BFC004D8A51 /* StartMainScreenViewModel.swift */,
			);
			path = ViewModel;
			sourceTree = "<group>";
		};
		F41F8AB4289C6F9200BE379A /* StudentsScreen */ = {
			isa = PBXGroup;
			children = (
				F41CB23328A6712D004D8A51 /* View */,
				F41F8AB5289C6FAF00BE379A /* ViewModel */,
			);
			path = StudentsScreen;
			sourceTree = "<group>";
		};
		F41F8AB5289C6FAF00BE379A /* ViewModel */ = {
			isa = PBXGroup;
			children = (
				F41F8AB6289C6FDA00BE379A /* StudentsScreenViewModel.swift */,
			);
			path = ViewModel;
			sourceTree = "<group>";
		};
		F42B19432885C293009D0540 = {
			isa = PBXGroup;
			children = (
				F42B194E2885C293009D0540 /* MVVM_HarryPotter */,
				F42B194D2885C293009D0540 /* Products */,
				1FCDA810BB87B83E0D6EF133 /* Pods */,
				ACC8FAF0B2065AB264F27C37 /* Frameworks */,
			);
			sourceTree = "<group>";
		};
		F42B194D2885C293009D0540 /* Products */ = {
			isa = PBXGroup;
			children = (
				F42B194C2885C293009D0540 /* MVVM_HarryPotter.app */,
			);
			name = Products;
			sourceTree = "<group>";
		};
		F42B194E2885C293009D0540 /* MVVM_HarryPotter */ = {
			isa = PBXGroup;
			children = (
				F41F8AA8289BFEDB00BE379A /* Models */,
				F41F8AA0289BDFE800BE379A /* Extension */,
				F434AC52288F4C7400DC7A48 /* StartScreen */,
				F41F8AB4289C6F9200BE379A /* StudentsScreen */,
				F434AC53288F4C9500DC7A48 /* Layer */,
				F42B194F2885C293009D0540 /* AppDelegate.swift */,
				F42B19582885C297009D0540 /* Assets.xcassets */,
				F42B195A2885C297009D0540 /* LaunchScreen.storyboard */,
				F42B195D2885C297009D0540 /* Info.plist */,
			);
			path = MVVM_HarryPotter;
			sourceTree = "<group>";
		};
		F42B19642885C339009D0540 /* ServiceLayer */ = {
			isa = PBXGroup;
			children = (
				F42B19652885C38D009D0540 /* NetworkService.swift */,
				F42B19682885C461009D0540 /* NetworkDataFetcher.swift */,
				F41F8AA5289BF44200BE379A /* DataFetcherService.swift */,
			);
			path = ServiceLayer;
			sourceTree = "<group>";
		};
		F42B196C2885DFE3009D0540 /* View */ = {
			isa = PBXGroup;
			children = (
				F42B19702885E5E6009D0540 /* StartMainScreenView.swift */,
				F42B19532885C293009D0540 /* StartViewController.swift */,
			);
			path = View;
			sourceTree = "<group>";
		};
		F434AC52288F4C7400DC7A48 /* StartScreen */ = {
			isa = PBXGroup;
			children = (
				F41F8AB3289C6F3500BE379A /* ViewModel */,
				F42B196C2885DFE3009D0540 /* View */,
			);
			path = StartScreen;
			sourceTree = "<group>";
		};
		F434AC53288F4C9500DC7A48 /* Layer */ = {
			isa = PBXGroup;
			children = (
				F42B19642885C339009D0540 /* ServiceLayer */,
			);
			path = Layer;
			sourceTree = "<group>";
		};
/* End PBXGroup section */

/* Begin PBXNativeTarget section */
		F42B194B2885C293009D0540 /* MVVM_HarryPotter */ = {
			isa = PBXNativeTarget;
			buildConfigurationList = F42B19602885C297009D0540 /* Build configuration list for PBXNativeTarget "MVVM_HarryPotter" */;
			buildPhases = (
				3636085CD29C5E25E6A3077F /* [CP] Check Pods Manifest.lock */,
				F42B19482885C293009D0540 /* Sources */,
				F42B19492885C293009D0540 /* Frameworks */,
				F42B194A2885C293009D0540 /* Resources */,
				C24B07AAA35E8CCFB5B940FE /* [CP] Embed Pods Frameworks */,
			);
			buildRules = (
			);
			dependencies = (
			);
			name = MVVM_HarryPotter;
			productName = MVVM_HarryPotter;
			productReference = F42B194C2885C293009D0540 /* MVVM_HarryPotter.app */;
			productType = "com.apple.product-type.application";
		};
/* End PBXNativeTarget section */

/* Begin PBXProject section */
		F42B19442885C293009D0540 /* Project object */ = {
			isa = PBXProject;
			attributes = {
				LastSwiftUpdateCheck = 1240;
				LastUpgradeCheck = 1240;
				TargetAttributes = {
					F42B194B2885C293009D0540 = {
						CreatedOnToolsVersion = 12.4;
					};
				};
			};
			buildConfigurationList = F42B19472885C293009D0540 /* Build configuration list for PBXProject "MVVM_HarryPotter" */;
			compatibilityVersion = "Xcode 9.3";
			developmentRegion = en;
			hasScannedForEncodings = 0;
			knownRegions = (
				en,
				Base,
			);
			mainGroup = F42B19432885C293009D0540;
			productRefGroup = F42B194D2885C293009D0540 /* Products */;
			projectDirPath = "";
			projectRoot = "";
			targets = (
				F42B194B2885C293009D0540 /* MVVM_HarryPotter */,
			);
		};
/* End PBXProject section */

/* Begin PBXResourcesBuildPhase section */
		F42B194A2885C293009D0540 /* Resources */ = {
			isa = PBXResourcesBuildPhase;
			buildActionMask = 2147483647;
			files = (
				F42B195C2885C297009D0540 /* LaunchScreen.storyboard in Resources */,
				F42B19592885C297009D0540 /* Assets.xcassets in Resources */,
			);
			runOnlyForDeploymentPostprocessing = 0;
		};
/* End PBXResourcesBuildPhase section */

/* Begin PBXShellScriptBuildPhase section */
		3636085CD29C5E25E6A3077F /* [CP] Check Pods Manifest.lock */ = {
			isa = PBXShellScriptBuildPhase;
			buildActionMask = 2147483647;
			files = (
			);
			inputFileListPaths = (
			);
			inputPaths = (
				"${PODS_PODFILE_DIR_PATH}/Podfile.lock",
				"${PODS_ROOT}/Manifest.lock",
			);
			name = "[CP] Check Pods Manifest.lock";
			outputFileListPaths = (
			);
			outputPaths = (
				"$(DERIVED_FILE_DIR)/Pods-MVVM_HarryPotter-checkManifestLockResult.txt",
			);
			runOnlyForDeploymentPostprocessing = 0;
			shellPath = /bin/sh;
			shellScript = "diff \"${PODS_PODFILE_DIR_PATH}/Podfile.lock\" \"${PODS_ROOT}/Manifest.lock\" > /dev/null\nif [ $? != 0 ] ; then\n    # print error to STDERR\n    echo \"error: The sandbox is not in sync with the Podfile.lock. Run 'pod install' or update your CocoaPods installation.\" >&2\n    exit 1\nfi\n# This output is used by Xcode 'outputs' to avoid re-running this script phase.\necho \"SUCCESS\" > \"${SCRIPT_OUTPUT_FILE_0}\"\n";
			showEnvVarsInLog = 0;
		};
		C24B07AAA35E8CCFB5B940FE /* [CP] Embed Pods Frameworks */ = {
			isa = PBXShellScriptBuildPhase;
			buildActionMask = 2147483647;
			files = (
			);
			inputFileListPaths = (
				"${PODS_ROOT}/Target Support Files/Pods-MVVM_HarryPotter/Pods-MVVM_HarryPotter-frameworks-${CONFIGURATION}-input-files.xcfilelist",
			);
			name = "[CP] Embed Pods Frameworks";
			outputFileListPaths = (
				"${PODS_ROOT}/Target Support Files/Pods-MVVM_HarryPotter/Pods-MVVM_HarryPotter-frameworks-${CONFIGURATION}-output-files.xcfilelist",
			);
			runOnlyForDeploymentPostprocessing = 0;
			shellPath = /bin/sh;
			shellScript = "\"${PODS_ROOT}/Target Support Files/Pods-MVVM_HarryPotter/Pods-MVVM_HarryPotter-frameworks.sh\"\n";
			showEnvVarsInLog = 0;
		};
/* End PBXShellScriptBuildPhase section */

/* Begin PBXSourcesBuildPhase section */
		F42B19482885C293009D0540 /* Sources */ = {
			isa = PBXSourcesBuildPhase;
			buildActionMask = 2147483647;
			files = (
				F42B19542885C293009D0540 /* StartViewController.swift in Sources */,
				F41F8AAF289C025A00BE379A /* WandHP.swift in Sources */,
				F41CB23528A67165004D8A51 /* StudentsScreenViewController.swift in Sources */,
				F41F8AA6289BF44200BE379A /* DataFetcherService.swift in Sources */,
				F42B19502885C293009D0540 /* AppDelegate.swift in Sources */,
				F42B19662885C38D009D0540 /* NetworkService.swift in Sources */,
				F42B19712885E5E6009D0540 /* StartMainScreenView.swift in Sources */,
				F41F8AB7289C6FDA00BE379A /* StudentsScreenViewModel.swift in Sources */,
				F42B19692885C461009D0540 /* NetworkDataFetcher.swift in Sources */,
				F41F8AA2289BE0B200BE379A /* UIButton+Ext.swift in Sources */,
				F41F8AAA289BFF0F00BE379A /* CharacterHP.swift in Sources */,
				F41CB23128A66BFC004D8A51 /* StartMainScreenViewModel.swift in Sources */,
			);
			runOnlyForDeploymentPostprocessing = 0;
		};
/* End PBXSourcesBuildPhase section */

/* Begin PBXVariantGroup section */
		F42B195A2885C297009D0540 /* LaunchScreen.storyboard */ = {
			isa = PBXVariantGroup;
			children = (
				F42B195B2885C297009D0540 /* Base */,
			);
			name = LaunchScreen.storyboard;
			sourceTree = "<group>";
		};
/* End PBXVariantGroup section */

/* Begin XCBuildConfiguration section */
		F42B195E2885C297009D0540 /* Debug */ = {
			isa = XCBuildConfiguration;
			buildSettings = {
				ALWAYS_SEARCH_USER_PATHS = NO;
				CLANG_ANALYZER_NONNULL = YES;
				CLANG_ANALYZER_NUMBER_OBJECT_CONVERSION = YES_AGGRESSIVE;
				CLANG_CXX_LANGUAGE_STANDARD = "gnu++14";
				CLANG_CXX_LIBRARY = "libc++";
				CLANG_ENABLE_MODULES = YES;
				CLANG_ENABLE_OBJC_ARC = YES;
				CLANG_ENABLE_OBJC_WEAK = YES;
				CLANG_WARN_BLOCK_CAPTURE_AUTORELEASING = YES;
				CLANG_WARN_BOOL_CONVERSION = YES;
				CLANG_WARN_COMMA = YES;
				CLANG_WARN_CONSTANT_CONVERSION = YES;
				CLANG_WARN_DEPRECATED_OBJC_IMPLEMENTATIONS = YES;
				CLANG_WARN_DIRECT_OBJC_ISA_USAGE = YES_ERROR;
				CLANG_WARN_DOCUMENTATION_COMMENTS = YES;
				CLANG_WARN_EMPTY_BODY = YES;
				CLANG_WARN_ENUM_CONVERSION = YES;
				CLANG_WARN_INFINITE_RECURSION = YES;
				CLANG_WARN_INT_CONVERSION = YES;
				CLANG_WARN_NON_LITERAL_NULL_CONVERSION = YES;
				CLANG_WARN_OBJC_IMPLICIT_RETAIN_SELF = YES;
				CLANG_WARN_OBJC_LITERAL_CONVERSION = YES;
				CLANG_WARN_OBJC_ROOT_CLASS = YES_ERROR;
				CLANG_WARN_QUOTED_INCLUDE_IN_FRAMEWORK_HEADER = YES;
				CLANG_WARN_RANGE_LOOP_ANALYSIS = YES;
				CLANG_WARN_STRICT_PROTOTYPES = YES;
				CLANG_WARN_SUSPICIOUS_MOVE = YES;
				CLANG_WARN_UNGUARDED_AVAILABILITY = YES_AGGRESSIVE;
				CLANG_WARN_UNREACHABLE_CODE = YES;
				CLANG_WARN__DUPLICATE_METHOD_MATCH = YES;
				COPY_PHASE_STRIP = NO;
				DEBUG_INFORMATION_FORMAT = dwarf;
				ENABLE_STRICT_OBJC_MSGSEND = YES;
				ENABLE_TESTABILITY = YES;
				GCC_C_LANGUAGE_STANDARD = gnu11;
				GCC_DYNAMIC_NO_PIC = NO;
				GCC_NO_COMMON_BLOCKS = YES;
				GCC_OPTIMIZATION_LEVEL = 0;
				GCC_PREPROCESSOR_DEFINITIONS = (
					"DEBUG=1",
					"$(inherited)",
				);
				GCC_WARN_64_TO_32_BIT_CONVERSION = YES;
				GCC_WARN_ABOUT_RETURN_TYPE = YES_ERROR;
				GCC_WARN_UNDECLARED_SELECTOR = YES;
				GCC_WARN_UNINITIALIZED_AUTOS = YES_AGGRESSIVE;
				GCC_WARN_UNUSED_FUNCTION = YES;
				GCC_WARN_UNUSED_VARIABLE = YES;
				IPHONEOS_DEPLOYMENT_TARGET = 14.4;
				MTL_ENABLE_DEBUG_INFO = INCLUDE_SOURCE;
				MTL_FAST_MATH = YES;
				ONLY_ACTIVE_ARCH = YES;
				SDKROOT = iphoneos;
				SWIFT_ACTIVE_COMPILATION_CONDITIONS = DEBUG;
				SWIFT_OPTIMIZATION_LEVEL = "-Onone";
			};
			name = Debug;
		};
		F42B195F2885C297009D0540 /* Release */ = {
			isa = XCBuildConfiguration;
			buildSettings = {
				ALWAYS_SEARCH_USER_PATHS = NO;
				CLANG_ANALYZER_NONNULL = YES;
				CLANG_ANALYZER_NUMBER_OBJECT_CONVERSION = YES_AGGRESSIVE;
				CLANG_CXX_LANGUAGE_STANDARD = "gnu++14";
				CLANG_CXX_LIBRARY = "libc++";
				CLANG_ENABLE_MODULES = YES;
				CLANG_ENABLE_OBJC_ARC = YES;
				CLANG_ENABLE_OBJC_WEAK = YES;
				CLANG_WARN_BLOCK_CAPTURE_AUTORELEASING = YES;
				CLANG_WARN_BOOL_CONVERSION = YES;
				CLANG_WARN_COMMA = YES;
				CLANG_WARN_CONSTANT_CONVERSION = YES;
				CLANG_WARN_DEPRECATED_OBJC_IMPLEMENTATIONS = YES;
				CLANG_WARN_DIRECT_OBJC_ISA_USAGE = YES_ERROR;
				CLANG_WARN_DOCUMENTATION_COMMENTS = YES;
				CLANG_WARN_EMPTY_BODY = YES;
				CLANG_WARN_ENUM_CONVERSION = YES;
				CLANG_WARN_INFINITE_RECURSION = YES;
				CLANG_WARN_INT_CONVERSION = YES;
				CLANG_WARN_NON_LITERAL_NULL_CONVERSION = YES;
				CLANG_WARN_OBJC_IMPLICIT_RETAIN_SELF = YES;
				CLANG_WARN_OBJC_LITERAL_CONVERSION = YES;
				CLANG_WARN_OBJC_ROOT_CLASS = YES_ERROR;
				CLANG_WARN_QUOTED_INCLUDE_IN_FRAMEWORK_HEADER = YES;
				CLANG_WARN_RANGE_LOOP_ANALYSIS = YES;
				CLANG_WARN_STRICT_PROTOTYPES = YES;
				CLANG_WARN_SUSPICIOUS_MOVE = YES;
				CLANG_WARN_UNGUARDED_AVAILABILITY = YES_AGGRESSIVE;
				CLANG_WARN_UNREACHABLE_CODE = YES;
				CLANG_WARN__DUPLICATE_METHOD_MATCH = YES;
				COPY_PHASE_STRIP = NO;
				DEBUG_INFORMATION_FORMAT = "dwarf-with-dsym";
				ENABLE_NS_ASSERTIONS = NO;
				ENABLE_STRICT_OBJC_MSGSEND = YES;
				GCC_C_LANGUAGE_STANDARD = gnu11;
				GCC_NO_COMMON_BLOCKS = YES;
				GCC_WARN_64_TO_32_BIT_CONVERSION = YES;
				GCC_WARN_ABOUT_RETURN_TYPE = YES_ERROR;
				GCC_WARN_UNDECLARED_SELECTOR = YES;
				GCC_WARN_UNINITIALIZED_AUTOS = YES_AGGRESSIVE;
				GCC_WARN_UNUSED_FUNCTION = YES;
				GCC_WARN_UNUSED_VARIABLE = YES;
				IPHONEOS_DEPLOYMENT_TARGET = 14.4;
				MTL_ENABLE_DEBUG_INFO = NO;
				MTL_FAST_MATH = YES;
				SDKROOT = iphoneos;
				SWIFT_COMPILATION_MODE = wholemodule;
				SWIFT_OPTIMIZATION_LEVEL = "-O";
				VALIDATE_PRODUCT = YES;
			};
			name = Release;
		};
		F42B19612885C297009D0540 /* Debug */ = {
			isa = XCBuildConfiguration;
			baseConfigurationReference = E46A2F765C72C952D47AA772 /* Pods-MVVM_HarryPotter.debug.xcconfig */;
			buildSettings = {
				ASSETCATALOG_COMPILER_APPICON_NAME = AppIcon;
				ASSETCATALOG_COMPILER_GLOBAL_ACCENT_COLOR_NAME = AccentColor;
				CODE_SIGN_STYLE = Automatic;
				DEVELOPMENT_TEAM = AX457DS8DH;
				INFOPLIST_FILE = MVVM_HarryPotter/Info.plist;
				LD_RUNPATH_SEARCH_PATHS = (
					"$(inherited)",
					"@executable_path/Frameworks",
				);
				PRODUCT_BUNDLE_IDENTIFIER = "com.mikevolkov.MVVM-HarryPotter";
				PRODUCT_NAME = "$(TARGET_NAME)";
				SWIFT_VERSION = 5.0;
				TARGETED_DEVICE_FAMILY = "1,2";
			};
			name = Debug;
		};
		F42B19622885C297009D0540 /* Release */ = {
			isa = XCBuildConfiguration;
			baseConfigurationReference = 7C663C9DDB9EA102E0C2B71F /* Pods-MVVM_HarryPotter.release.xcconfig */;
			buildSettings = {
				ASSETCATALOG_COMPILER_APPICON_NAME = AppIcon;
				ASSETCATALOG_COMPILER_GLOBAL_ACCENT_COLOR_NAME = AccentColor;
				CODE_SIGN_STYLE = Automatic;
				DEVELOPMENT_TEAM = AX457DS8DH;
				INFOPLIST_FILE = MVVM_HarryPotter/Info.plist;
				LD_RUNPATH_SEARCH_PATHS = (
					"$(inherited)",
					"@executable_path/Frameworks",
				);
				PRODUCT_BUNDLE_IDENTIFIER = "com.mikevolkov.MVVM-HarryPotter";
				PRODUCT_NAME = "$(TARGET_NAME)";
				SWIFT_VERSION = 5.0;
				TARGETED_DEVICE_FAMILY = "1,2";
			};
			name = Release;
		};
/* End XCBuildConfiguration section */

/* Begin XCConfigurationList section */
		F42B19472885C293009D0540 /* Build configuration list for PBXProject "MVVM_HarryPotter" */ = {
			isa = XCConfigurationList;
			buildConfigurations = (
				F42B195E2885C297009D0540 /* Debug */,
				F42B195F2885C297009D0540 /* Release */,
			);
			defaultConfigurationIsVisible = 0;
			defaultConfigurationName = Release;
		};
		F42B19602885C297009D0540 /* Build configuration list for PBXNativeTarget "MVVM_HarryPotter" */ = {
			isa = XCConfigurationList;
			buildConfigurations = (
				F42B19612885C297009D0540 /* Debug */,
				F42B19622885C297009D0540 /* Release */,
			);
			defaultConfigurationIsVisible = 0;
			defaultConfigurationName = Release;
		};
/* End XCConfigurationList section */
	};
	rootObject = F42B19442885C293009D0540 /* Project object */;
}
